
Microsoft Visual Studio Solution File, Format Version 12.00
# Visual Studio Version 16
VisualStudioVersion = 16.0.31624.102
MinimumVisualStudioVersion = 10.0.40219.1
Project("{FAE04EC0-301F-11D3-BF4B-00C04F79EFBC}") = "ExcepcionesCSharp", "ExcepcionesCSharp.csproj", "{B1B01F6B-94EC-409B-8B84-F4DBC93508D1}"
EndProject
Global
	GlobalSection(SolutionConfigurationPlatforms) = preSolution
		Debug|Any CPU = Debug|Any CPU
		Release|Any CPU = Release|Any CPU
	EndGlobalSection
	GlobalSection(ProjectConfigurationPlatforms) = postSolution
		{B1B01F6B-94EC-409B-8B84-F4DBC93508D1}.Debug|Any CPU.ActiveCfg = Debug|Any CPU
		{B1B01F6B-94EC-409B-8B84-F4DBC93508D1}.Debug|Any CPU.Build.0 = Debug|Any CPU
		{B1B01F6B-94EC-409B-8B84-F4DBC93508D1}.Release|Any CPU.ActiveCfg = Release|Any CPU
		{B1B01F6B-94EC-409B-8B84-F4DBC93508D1}.Release|Any CPU.Build.0 = Release|Any CPU
	EndGlobalSection
	GlobalSection(SolutionProperties) = preSolution
		HideSolutionNode = FALSE
	EndGlobalSection
	GlobalSection(ExtensibilityGlobals) = postSolution
		SolutionGuid = {79697903-E1F6-47C8-8036-D52349E79972}
	EndGlobalSection
EndGlobal
